
Microsoft Visual Studio Solution File, Format Version 12.00
# Visual Studio Version 17
VisualStudioVersion = 17.5.002.0
MinimumVisualStudioVersion = 10.0.40219.1
Project("{9A19103F-16F7-4668-BE54-9A1E7A4F7556}") = "veiculos", "veiculos.csproj", "{951EBC82-240B-4111-B32D-91DF768B8874}"
EndProject
Global
	GlobalSection(SolutionConfigurationPlatforms) = preSolution
		Debug|Any CPU = Debug|Any CPU
		Release|Any CPU = Release|Any CPU
	EndGlobalSection
	GlobalSection(ProjectConfigurationPlatforms) = postSolution
		{951EBC82-240B-4111-B32D-91DF768B8874}.Debug|Any CPU.ActiveCfg = Debug|Any CPU
		{951EBC82-240B-4111-B32D-91DF768B8874}.Debug|Any CPU.Build.0 = Debug|Any CPU
		{951EBC82-240B-4111-B32D-91DF768B8874}.Release|Any CPU.ActiveCfg = Release|Any CPU
		{951EBC82-240B-4111-B32D-91DF768B8874}.Release|Any CPU.Build.0 = Release|Any CPU
	EndGlobalSection
	GlobalSection(SolutionProperties) = preSolution
		HideSolutionNode = FALSE
	EndGlobalSection
	GlobalSection(ExtensibilityGlobals) = postSolution
		SolutionGuid = {D14F156E-7C40-4DEA-9A13-DF97E5590E72}
	EndGlobalSection
EndGlobal
